// !$*UTF8*$!
{
	archiveVersion = 1;
	classes = {
	};
	objectVersion = 77;
	objects = {

/* Begin PBXContainerItemProxy section */
		424A2A632E504D5F00662242 /* PBXContainerItemProxy */ = {
			isa = PBXContainerItemProxy;
			containerPortal = 424A2A4D2E504D5E00662242 /* Project object */;
			proxyType = 1;
			remoteGlobalIDString = 424A2A542E504D5E00662242;
			remoteInfo = Etell;
		};
		424A2A6D2E504D5F00662242 /* PBXContainerItemProxy */ = {
			isa = PBXContainerItemProxy;
			containerPortal = 424A2A4D2E504D5E00662242 /* Project object */;
			proxyType = 1;
			remoteGlobalIDString = 424A2A542E504D5E00662242;
			remoteInfo = Etell;
		};
/* End PBXContainerItemProxy section */

/* Begin PBXFileReference section */
		424A2A552E504D5E00662242 /* Etell.app */ = {isa = PBXFileReference; explicitFileType = wrapper.application; includeInIndex = 0; path = Etell.app; sourceTree = BUILT_PRODUCTS_DIR; };
		424A2A622E504D5F00662242 /* EtellTests.xctest */ = {isa = PBXFileReference; explicitFileType = wrapper.cfbundle; includeInIndex = 0; path = EtellTests.xctest; sourceTree = BUILT_PRODUCTS_DIR; };
		424A2A6C2E504D5F00662242 /* EtellUITests.xctest */ = {isa = PBXFileReference; explicitFileType = wrapper.cfbundle; includeInIndex = 0; path = EtellUITests.xctest; sourceTree = BUILT_PRODUCTS_DIR; };
/* End PBXFileReference section */

/* Begin PBXFileSystemSynchronizedRootGroup section */
		424A2A572E504D5E00662242 /* Etell */ = {
			isa = PBXFileSystemSynchronizedRootGroup;
			path = Etell;
			sourceTree = "<group>";
		};
		424A2A652E504D5F00662242 /* EtellTests */ = {
			isa = PBXFileSystemSynchronizedRootGroup;
			path = EtellTests;
			sourceTree = "<group>";
		};
		424A2A6F2E504D5F00662242 /* EtellUITests */ = {
			isa = PBXFileSystemSynchronizedRootGroup;
			path = EtellUITests;
			sourceTree = "<group>";
		};
/* End PBXFileSystemSynchronizedRootGroup section */

/* Begin PBXFrameworksBuildPhase section */
		424A2A522E504D5E00662242 /* Frameworks */ = {
			isa = PBXFrameworksBuildPhase;
			buildActionMask = 2147483647;
			files = (
			);
			runOnlyForDeploymentPostprocessing = 0;
		};
		424A2A5F2E504D5F00662242 /* Frameworks */ = {
			isa = PBXFrameworksBuildPhase;
			buildActionMask = 2147483647;
			files = (
			);
			runOnlyForDeploymentPostprocessing = 0;
		};
		424A2A692E504D5F00662242 /* Frameworks */ = {
			isa = PBXFrameworksBuildPhase;
			buildActionMask = 2147483647;
			files = (
			);
			runOnlyForDeploymentPostprocessing = 0;
		};
/* End PBXFrameworksBuildPhase section */

/* Begin PBXGroup section */
		424A2A4C2E504D5E00662242 = {
			isa = PBXGroup;
			children = (
				424A2A572E504D5E00662242 /* Etell */,
				424A2A652E504D5F00662242 /* EtellTests */,
				424A2A6F2E504D5F00662242 /* EtellUITests */,
				424A2A562E504D5E00662242 /* Products */,
			);
			sourceTree = "<group>";
		};
		424A2A562E504D5E00662242 /* Products */ = {
			isa = PBXGroup;
			children = (
				424A2A552E504D5E00662242 /* Etell.app */,
				424A2A622E504D5F00662242 /* EtellTests.xctest */,
				424A2A6C2E504D5F00662242 /* EtellUITests.xctest */,
			);
			name = Products;
			sourceTree = "<group>";
		};
/* End PBXGroup section */

/* Begin PBXNativeTarget section */
		424A2A542E504D5E00662242 /* Etell */ = {
			isa = PBXNativeTarget;
			buildConfigurationList = 424A2A762E504D5F00662242 /* Build configuration list for PBXNativeTarget "Etell" */;
			buildPhases = (
				424A2A512E504D5E00662242 /* Sources */,
				424A2A522E504D5E00662242 /* Frameworks */,
				424A2A532E504D5E00662242 /* Resources */,
			);
			buildRules = (
			);
			dependencies = (
			);
			fileSystemSynchronizedGroups = (
				424A2A572E504D5E00662242 /* Etell */,
			);
			name = Etell;
			packageProductDependencies = (
			);
			productName = Etell;
			productReference = 424A2A552E504D5E00662242 /* Etell.app */;
			productType = "com.apple.product-type.application";
		};
		424A2A612E504D5F00662242 /* EtellTests */ = {
			isa = PBXNativeTarget;
			buildConfigurationList = 424A2A792E504D5F00662242 /* Build configuration list for PBXNativeTarget "EtellTests" */;
			buildPhases = (
				424A2A5E2E504D5F00662242 /* Sources */,
				424A2A5F2E504D5F00662242 /* Frameworks */,
				424A2A602E504D5F00662242 /* Resources */,
			);
			buildRules = (
			);
			dependencies = (
				424A2A642E504D5F00662242 /* PBXTargetDependency */,
			);
			fileSystemSynchronizedGroups = (
				424A2A652E504D5F00662242 /* EtellTests */,
			);
			name = EtellTests;
			packageProductDependencies = (
			);
			productName = EtellTests;
			productReference = 424A2A622E504D5F00662242 /* EtellTests.xctest */;
			productType = "com.apple.product-type.bundle.unit-test";
		};
		424A2A6B2E504D5F00662242 /* EtellUITests */ = {
			isa = PBXNativeTarget;
			buildConfigurationList = 424A2A7C2E504D5F00662242 /* Build configuration list for PBXNativeTarget "EtellUITests" */;
			buildPhases = (
				424A2A682E504D5F00662242 /* Sources */,
				424A2A692E504D5F00662242 /* Frameworks */,
				424A2A6A2E504D5F00662242 /* Resources */,
			);
			buildRules = (
			);
			dependencies = (
				424A2A6E2E504D5F00662242 /* PBXTargetDependency */,
			);
			fileSystemSynchronizedGroups = (
				424A2A6F2E504D5F00662242 /* EtellUITests */,
			);
			name = EtellUITests;
			packageProductDependencies = (
			);
			productName = EtellUITests;
			productReference = 424A2A6C2E504D5F00662242 /* EtellUITests.xctest */;
			productType = "com.apple.product-type.bundle.ui-testing";
		};
/* End PBXNativeTarget section */

/* Begin PBXProject section */
		424A2A4D2E504D5E00662242 /* Project object */ = {
			isa = PBXProject;
			attributes = {
				BuildIndependentTargetsInParallel = 1;
				LastSwiftUpdateCheck = 1630;
				LastUpgradeCheck = 1630;
				TargetAttributes = {
					424A2A542E504D5E00662242 = {
						CreatedOnToolsVersion = 16.3;
					};
					424A2A612E504D5F00662242 = {
						CreatedOnToolsVersion = 16.3;
						TestTargetID = 424A2A542E504D5E00662242;
					};
					424A2A6B2E504D5F00662242 = {
						CreatedOnToolsVersion = 16.3;
						TestTargetID = 424A2A542E504D5E00662242;
					};
				};
			};
			buildConfigurationList = 424A2A502E504D5E00662242 /* Build configuration list for PBXProject "Etell" */;
			developmentRegion = en;
			hasScannedForEncodings = 0;
			knownRegions = (
				en,
				Base,
			);
			mainGroup = 424A2A4C2E504D5E00662242;
			minimizedProjectReferenceProxies = 1;
			preferredProjectObjectVersion = 77;
			productRefGroup = 424A2A562E504D5E00662242 /* Products */;
			projectDirPath = "";
			projectRoot = "";
			targets = (
				424A2A542E504D5E00662242 /* Etell */,
				424A2A612E504D5F00662242 /* EtellTests */,
				424A2A6B2E504D5F00662242 /* EtellUITests */,
			);
		};
/* End PBXProject section */

/* Begin PBXResourcesBuildPhase section */
		424A2A532E504D5E00662242 /* Resources */ = {
			isa = PBXResourcesBuildPhase;
			buildActionMask = 2147483647;
			files = (
			);
			runOnlyForDeploymentPostprocessing = 0;
		};
		424A2A602E504D5F00662242 /* Resources */ = {
			isa = PBXResourcesBuildPhase;
			buildActionMask = 2147483647;
			files = (
			);
			runOnlyForDeploymentPostprocessing = 0;
		};
		424A2A6A2E504D5F00662242 /* Resources */ = {
			isa = PBXResourcesBuildPhase;
			buildActionMask = 2147483647;
			files = (
			);
			runOnlyForDeploymentPostprocessing = 0;
		};
/* End PBXResourcesBuildPhase section */

/* Begin PBXSourcesBuildPhase section */
		424A2A512E504D5E00662242 /* Sources */ = {
			isa = PBXSourcesBuildPhase;
			buildActionMask = 2147483647;
			files = (
			);
			runOnlyForDeploymentPostprocessing = 0;
		};
		424A2A5E2E504D5F00662242 /* Sources */ = {
			isa = PBXSourcesBuildPhase;
			buildActionMask = 2147483647;
			files = (
			);
			runOnlyForDeploymentPostprocessing = 0;
		};
		424A2A682E504D5F00662242 /* Sources */ = {
			isa = PBXSourcesBuildPhase;
			buildActionMask = 2147483647;
			files = (
			);
			runOnlyForDeploymentPostprocessing = 0;
		};
/* End PBXSourcesBuildPhase section */

/* Begin PBXTargetDependency section */
		424A2A642E504D5F00662242 /* PBXTargetDependency */ = {
			isa = PBXTargetDependency;
			target = 424A2A542E504D5E00662242 /* Etell */;
			targetProxy = 424A2A632E504D5F00662242 /* PBXContainerItemProxy */;
		};
		424A2A6E2E504D5F00662242 /* PBXTargetDependency */ = {
			isa = PBXTargetDependency;
			target = 424A2A542E504D5E00662242 /* Etell */;
			targetProxy = 424A2A6D2E504D5F00662242 /* PBXContainerItemProxy */;
		};
/* End PBXTargetDependency section */

/* Begin XCBuildConfiguration section */
		424A2A742E504D5F00662242 /* Debug */ = {
			isa = XCBuildConfiguration;
			buildSettings = {
				ALWAYS_SEARCH_USER_PATHS = NO;
				ASSETCATALOG_COMPILER_GENERATE_SWIFT_ASSET_SYMBOL_EXTENSIONS = YES;
				CLANG_ANALYZER_NONNULL = YES;
				CLANG_ANALYZER_NUMBER_OBJECT_CONVERSION = YES_AGGRESSIVE;
				CLANG_CXX_LANGUAGE_STANDARD = "gnu++20";
				CLANG_ENABLE_MODULES = YES;
				CLANG_ENABLE_OBJC_ARC = YES;
				CLANG_ENABLE_OBJC_WEAK = YES;
				CLANG_WARN_BLOCK_CAPTURE_AUTORELEASING = YES;
				CLANG_WARN_BOOL_CONVERSION = YES;
				CLANG_WARN_COMMA = YES;
				CLANG_WARN_CONSTANT_CONVERSION = YES;
				CLANG_WARN_DEPRECATED_OBJC_IMPLEMENTATIONS = YES;
				CLANG_WARN_DIRECT_OBJC_ISA_USAGE = YES_ERROR;
				CLANG_WARN_DOCUMENTATION_COMMENTS = YES;
				CLANG_WARN_EMPTY_BODY = YES;
				CLANG_WARN_ENUM_CONVERSION = YES;
				CLANG_WARN_INFINITE_RECURSION = YES;
				CLANG_WARN_INT_CONVERSION = YES;
				CLANG_WARN_NON_LITERAL_NULL_CONVERSION = YES;
				CLANG_WARN_OBJC_IMPLICIT_RETAIN_SELF = YES;
				CLANG_WARN_OBJC_LITERAL_CONVERSION = YES;
				CLANG_WARN_OBJC_ROOT_CLASS = YES_ERROR;
				CLANG_WARN_QUOTED_INCLUDE_IN_FRAMEWORK_HEADER = YES;
				CLANG_WARN_RANGE_LOOP_ANALYSIS = YES;
				CLANG_WARN_STRICT_PROTOTYPES = YES;
				CLANG_WARN_SUSPICIOUS_MOVE = YES;
				CLANG_WARN_UNGUARDED_AVAILABILITY = YES_AGGRESSIVE;
				CLANG_WARN_UNREACHABLE_CODE = YES;
				CLANG_WARN__DUPLICATE_METHOD_MATCH = YES;
				COPY_PHASE_STRIP = NO;
				DEBUG_INFORMATION_FORMAT = dwarf;
				ENABLE_STRICT_OBJC_MSGSEND = YES;
				ENABLE_TESTABILITY = YES;
				ENABLE_USER_SCRIPT_SANDBOXING = YES;
				GCC_C_LANGUAGE_STANDARD = gnu17;
				GCC_DYNAMIC_NO_PIC = NO;
				GCC_NO_COMMON_BLOCKS = YES;
				GCC_OPTIMIZATION_LEVEL = 0;
				GCC_PREPROCESSOR_DEFINITIONS = (
					"DEBUG=1",
					"$(inherited)",
				);
				GCC_WARN_64_TO_32_BIT_CONVERSION = YES;
				GCC_WARN_ABOUT_RETURN_TYPE = YES_ERROR;
				GCC_WARN_UNDECLARED_SELECTOR = YES;
				GCC_WARN_UNINITIALIZED_AUTOS = YES_AGGRESSIVE;
				GCC_WARN_UNUSED_FUNCTION = YES;
				GCC_WARN_UNUSED_VARIABLE = YES;
				IPHONEOS_DEPLOYMENT_TARGET = 18.4;
				LOCALIZATION_PREFERS_STRING_CATALOGS = YES;
				MTL_ENABLE_DEBUG_INFO = INCLUDE_SOURCE;
				MTL_FAST_MATH = YES;
				ONLY_ACTIVE_ARCH = YES;
				SDKROOT = iphoneos;
				SWIFT_ACTIVE_COMPILATION_CONDITIONS = "DEBUG $(inherited)";
				SWIFT_OPTIMIZATION_LEVEL = "-Onone";
			};
			name = Debug;
		};
		424A2A752E504D5F00662242 /* Release */ = {
			isa = XCBuildConfiguration;
			buildSettings = {
				ALWAYS_SEARCH_USER_PATHS = NO;
				ASSETCATALOG_COMPILER_GENERATE_SWIFT_ASSET_SYMBOL_EXTENSIONS = YES;
				CLANG_ANALYZER_NONNULL = YES;
				CLANG_ANALYZER_NUMBER_OBJECT_CONVERSION = YES_AGGRESSIVE;
				CLANG_CXX_LANGUAGE_STANDARD = "gnu++20";
				CLANG_ENABLE_MODULES = YES;
				CLANG_ENABLE_OBJC_ARC = YES;
				CLANG_ENABLE_OBJC_WEAK = YES;
				CLANG_WARN_BLOCK_CAPTURE_AUTORELEASING = YES;
				CLANG_WARN_BOOL_CONVERSION = YES;
				CLANG_WARN_COMMA = YES;
				CLANG_WARN_CONSTANT_CONVERSION = YES;
				CLANG_WARN_DEPRECATED_OBJC_IMPLEMENTATIONS = YES;
				CLANG_WARN_DIRECT_OBJC_ISA_USAGE = YES_ERROR;
				CLANG_WARN_DOCUMENTATION_COMMENTS = YES;
				CLANG_WARN_EMPTY_BODY = YES;
				CLANG_WARN_ENUM_CONVERSION = YES;
				CLANG_WARN_INFINITE_RECURSION = YES;
				CLANG_WARN_INT_CONVERSION = YES;
				CLANG_WARN_NON_LITERAL_NULL_CONVERSION = YES;
				CLANG_WARN_OBJC_IMPLICIT_RETAIN_SELF = YES;
				CLANG_WARN_OBJC_LITERAL_CONVERSION = YES;
				CLANG_WARN_OBJC_ROOT_CLASS = YES_ERROR;
				CLANG_WARN_QUOTED_INCLUDE_IN_FRAMEWORK_HEADER = YES;
				CLANG_WARN_RANGE_LOOP_ANALYSIS = YES;
				CLANG_WARN_STRICT_PROTOTYPES = YES;
				CLANG_WARN_SUSPICIOUS_MOVE = YES;
				CLANG_WARN_UNGUARDED_AVAILABILITY = YES_AGGRESSIVE;
				CLANG_WARN_UNREACHABLE_CODE = YES;
				CLANG_WARN__DUPLICATE_METHOD_MATCH = YES;
				COPY_PHASE_STRIP = NO;
				DEBUG_INFORMATION_FORMAT = "dwarf-with-dsym";
				ENABLE_NS_ASSERTIONS = NO;
				ENABLE_STRICT_OBJC_MSGSEND = YES;
				ENABLE_USER_SCRIPT_SANDBOXING = YES;
				GCC_C_LANGUAGE_STANDARD = gnu17;
				GCC_NO_COMMON_BLOCKS = YES;
				GCC_WARN_64_TO_32_BIT_CONVERSION = YES;
				GCC_WARN_ABOUT_RETURN_TYPE = YES_ERROR;
				GCC_WARN_UNDECLARED_SELECTOR = YES;
				GCC_WARN_UNINITIALIZED_AUTOS = YES_AGGRESSIVE;
				GCC_WARN_UNUSED_FUNCTION = YES;
				GCC_WARN_UNUSED_VARIABLE = YES;
				IPHONEOS_DEPLOYMENT_TARGET = 18.4;
				LOCALIZATION_PREFERS_STRING_CATALOGS = YES;
				MTL_ENABLE_DEBUG_INFO = NO;
				MTL_FAST_MATH = YES;
				SDKROOT = iphoneos;
				SWIFT_COMPILATION_MODE = wholemodule;
				VALIDATE_PRODUCT = YES;
			};
			name = Release;
		};
		424A2A772E504D5F00662242 /* Debug */ = {
			isa = XCBuildConfiguration;
			buildSettings = {
				ASSETCATALOG_COMPILER_APPICON_NAME = AppIcon;
				ASSETCATALOG_COMPILER_GLOBAL_ACCENT_COLOR_NAME = AccentColor;
				CODE_SIGN_STYLE = Automatic;
				CURRENT_PROJECT_VERSION = 1;
				ENABLE_PREVIEWS = YES;
				GENERATE_INFOPLIST_FILE = YES;
				INFOPLIST_KEY_UIApplicationSceneManifest_Generation = YES;
				INFOPLIST_KEY_UIApplicationSupportsIndirectInputEvents = YES;
				INFOPLIST_KEY_UILaunchScreen_Generation = YES;
				INFOPLIST_KEY_UISupportedInterfaceOrientations_iPad = "UIInterfaceOrientationPortrait UIInterfaceOrientationPortraitUpsideDown UIInterfaceOrientationLandscapeLeft UIInterfaceOrientationLandscapeRight";
				INFOPLIST_KEY_UISupportedInterfaceOrientations_iPhone = "UIInterfaceOrientationPortrait UIInterfaceOrientationLandscapeLeft UIInterfaceOrientationLandscapeRight";
				LD_RUNPATH_SEARCH_PATHS = (
					"$(inherited)",
					"@executable_path/Frameworks",
				);
				MARKETING_VERSION = 1.0;
				PRODUCT_BUNDLE_IDENTIFIER = Geen.Etell;
				PRODUCT_NAME = "$(TARGET_NAME)";
				SWIFT_EMIT_LOC_STRINGS = YES;
				SWIFT_VERSION = 5.0;
				TARGETED_DEVICE_FAMILY = "1,2";
			};
			name = Debug;
		};
		424A2A782E504D5F00662242 /* Release */ = {
			isa = XCBuildConfiguration;
			buildSettings = {
				ASSETCATALOG_COMPILER_APPICON_NAME = AppIcon;
				ASSETCATALOG_COMPILER_GLOBAL_ACCENT_COLOR_NAME = AccentColor;
				CODE_SIGN_STYLE = Automatic;
				CURRENT_PROJECT_VERSION = 1;
				ENABLE_PREVIEWS = YES;
				GENERATE_INFOPLIST_FILE = YES;
				INFOPLIST_KEY_UIApplicationSceneManifest_Generation = YES;
				INFOPLIST_KEY_UIApplicationSupportsIndirectInputEvents = YES;
				INFOPLIST_KEY_UILaunchScreen_Generation = YES;
				INFOPLIST_KEY_UISupportedInterfaceOrientations_iPad = "UIInterfaceOrientationPortrait UIInterfaceOrientationPortraitUpsideDown UIInterfaceOrientationLandscapeLeft UIInterfaceOrientationLandscapeRight";
				INFOPLIST_KEY_UISupportedInterfaceOrientations_iPhone = "UIInterfaceOrientationPortrait UIInterfaceOrientationLandscapeLeft UIInterfaceOrientationLandscapeRight";
				LD_RUNPATH_SEARCH_PATHS = (
					"$(inherited)",
					"@executable_path/Frameworks",
				);
				MARKETING_VERSION = 1.0;
				PRODUCT_BUNDLE_IDENTIFIER = Geen.Etell;
				PRODUCT_NAME = "$(TARGET_NAME)";
				SWIFT_EMIT_LOC_STRINGS = YES;
				SWIFT_VERSION = 5.0;
				TARGETED_DEVICE_FAMILY = "1,2";
			};
			name = Release;
		};
		424A2A7A2E504D5F00662242 /* Debug */ = {
			isa = XCBuildConfiguration;
			buildSettings = {
				BUNDLE_LOADER = "$(TEST_HOST)";
				CODE_SIGN_STYLE = Automatic;
				CURRENT_PROJECT_VERSION = 1;
				GENERATE_INFOPLIST_FILE = YES;
				IPHONEOS_DEPLOYMENT_TARGET = 18.4;
				MARKETING_VERSION = 1.0;
				PRODUCT_BUNDLE_IDENTIFIER = Geen.EtellTests;
				PRODUCT_NAME = "$(TARGET_NAME)";
				SWIFT_EMIT_LOC_STRINGS = NO;
				SWIFT_VERSION = 5.0;
				TARGETED_DEVICE_FAMILY = "1,2";
				TEST_HOST = "$(BUILT_PRODUCTS_DIR)/Etell.app/$(BUNDLE_EXECUTABLE_FOLDER_PATH)/Etell";
			};
			name = Debug;
		};
		424A2A7B2E504D5F00662242 /* Release */ = {
			isa = XCBuildConfiguration;
			buildSettings = {
				BUNDLE_LOADER = "$(TEST_HOST)";
				CODE_SIGN_STYLE = Automatic;
				CURRENT_PROJECT_VERSION = 1;
				GENERATE_INFOPLIST_FILE = YES;
				IPHONEOS_DEPLOYMENT_TARGET = 18.4;
				MARKETING_VERSION = 1.0;
				PRODUCT_BUNDLE_IDENTIFIER = Geen.EtellTests;
				PRODUCT_NAME = "$(TARGET_NAME)";
				SWIFT_EMIT_LOC_STRINGS = NO;
				SWIFT_VERSION = 5.0;
				TARGETED_DEVICE_FAMILY = "1,2";
				TEST_HOST = "$(BUILT_PRODUCTS_DIR)/Etell.app/$(BUNDLE_EXECUTABLE_FOLDER_PATH)/Etell";
			};
			name = Release;
		};
		424A2A7D2E504D5F00662242 /* Debug */ = {
			isa = XCBuildConfiguration;
			buildSettings = {
				CODE_SIGN_STYLE = Automatic;
				CURRENT_PROJECT_VERSION = 1;
				GENERATE_INFOPLIST_FILE = YES;
				MARKETING_VERSION = 1.0;
				PRODUCT_BUNDLE_IDENTIFIER = Geen.EtellUITests;
				PRODUCT_NAME = "$(TARGET_NAME)";
				SWIFT_EMIT_LOC_STRINGS = NO;
				SWIFT_VERSION = 5.0;
				TARGETED_DEVICE_FAMILY = "1,2";
				TEST_TARGET_NAME = Etell;
			};
			name = Debug;
		};
		424A2A7E2E504D5F00662242 /* Release */ = {
			isa = XCBuildConfiguration;
			buildSettings = {
				CODE_SIGN_STYLE = Automatic;
				CURRENT_PROJECT_VERSION = 1;
				GENERATE_INFOPLIST_FILE = YES;
				MARKETING_VERSION = 1.0;
				PRODUCT_BUNDLE_IDENTIFIER = Geen.EtellUITests;
				PRODUCT_NAME = "$(TARGET_NAME)";
				SWIFT_EMIT_LOC_STRINGS = NO;
				SWIFT_VERSION = 5.0;
				TARGETED_DEVICE_FAMILY = "1,2";
				TEST_TARGET_NAME = Etell;
			};
			name = Release;
		};
/* End XCBuildConfiguration section */

/* Begin XCConfigurationList section */
		424A2A502E504D5E00662242 /* Build configuration list for PBXProject "Etell" */ = {
			isa = XCConfigurationList;
			buildConfigurations = (
				424A2A742E504D5F00662242 /* Debug */,
				424A2A752E504D5F00662242 /* Release */,
			);
			defaultConfigurationIsVisible = 0;
			defaultConfigurationName = Release;
		};
		424A2A762E504D5F00662242 /* Build configuration list for PBXNativeTarget "Etell" */ = {
			isa = XCConfigurationList;
			buildConfigurations = (
				424A2A772E504D5F00662242 /* Debug */,
				424A2A782E504D5F00662242 /* Release */,
			);
			defaultConfigurationIsVisible = 0;
			defaultConfigurationName = Release;
		};
		424A2A792E504D5F00662242 /* Build configuration list for PBXNativeTarget "EtellTests" */ = {
			isa = XCConfigurationList;
			buildConfigurations = (
				424A2A7A2E504D5F00662242 /* Debug */,
				424A2A7B2E504D5F00662242 /* Release */,
			);
			defaultConfigurationIsVisible = 0;
			defaultConfigurationName = Release;
		};
		424A2A7C2E504D5F00662242 /* Build configuration list for PBXNativeTarget "EtellUITests" */ = {
			isa = XCConfigurationList;
			buildConfigurations = (
				424A2A7D2E504D5F00662242 /* Debug */,
				424A2A7E2E504D5F00662242 /* Release */,
			);
			defaultConfigurationIsVisible = 0;
			defaultConfigurationName = Release;
		};
/* End XCConfigurationList section */
	};
	rootObject = 424A2A4D2E504D5E00662242 /* Project object */;
}
